
Microsoft Visual Studio Solution File, Format Version 12.00
# Visual Studio Version 16
VisualStudioVersion = 16.0.31729.503
MinimumVisualStudioVersion = 10.0.40219.1
Project("{FAE04EC0-301F-11D3-BF4B-00C04F79EFBC}") = "WebApplication2", "WebApplication2\WebApplication2.csproj", "{7E8F906F-E2ED-4D16-9738-924B7DB49C43}"
EndProject
Global
	GlobalSection(SolutionConfigurationPlatforms) = preSolution
		Debug|Any CPU = Debug|Any CPU
		Release|Any CPU = Release|Any CPU
	EndGlobalSection
	GlobalSection(ProjectConfigurationPlatforms) = postSolution
		{7E8F906F-E2ED-4D16-9738-924B7DB49C43}.Debug|Any CPU.ActiveCfg = Debug|Any CPU
		{7E8F906F-E2ED-4D16-9738-924B7DB49C43}.Debug|Any CPU.Build.0 = Debug|Any CPU
		{7E8F906F-E2ED-4D16-9738-924B7DB49C43}.Release|Any CPU.ActiveCfg = Release|Any CPU
		{7E8F906F-E2ED-4D16-9738-924B7DB49C43}.Release|Any CPU.Build.0 = Release|Any CPU
	EndGlobalSection
	GlobalSection(SolutionProperties) = preSolution
		HideSolutionNode = FALSE
	EndGlobalSection
	GlobalSection(ExtensibilityGlobals) = postSolution
		SolutionGuid = {14C3400A-C31E-4B74-8844-E51419EA4408}
	EndGlobalSection
EndGlobal
